
Microsoft Visual Studio Solution File, Format Version 12.00
# Visual Studio Version 17
VisualStudioVersion = 17.6.33829.357
MinimumVisualStudioVersion = 10.0.40219.1
Project("{FAE04EC0-301F-11D3-BF4B-00C04F79EFBC}") = "Inventory_system", "Inventory_system.csproj", "{877477E0-E791-4CE8-B662-D8963ED7587D}"
EndProject
Global
	GlobalSection(SolutionConfigurationPlatforms) = preSolution
		Debug|Any CPU = Debug|Any CPU
		Release|Any CPU = Release|Any CPU
	EndGlobalSection
	GlobalSection(ProjectConfigurationPlatforms) = postSolution
		{877477E0-E791-4CE8-B662-D8963ED7587D}.Debug|Any CPU.ActiveCfg = Debug|Any CPU
		{877477E0-E791-4CE8-B662-D8963ED7587D}.Debug|Any CPU.Build.0 = Debug|Any CPU
		{877477E0-E791-4CE8-B662-D8963ED7587D}.Release|Any CPU.ActiveCfg = Release|Any CPU
		{877477E0-E791-4CE8-B662-D8963ED7587D}.Release|Any CPU.Build.0 = Release|Any CPU
	EndGlobalSection
	GlobalSection(SolutionProperties) = preSolution
		HideSolutionNode = FALSE
	EndGlobalSection
	GlobalSection(ExtensibilityGlobals) = postSolution
		SolutionGuid = {CE67BA8B-4501-4F7D-985A-AF60F6FBC5AA}
	EndGlobalSection
EndGlobal
